
Microsoft Visual Studio Solution File, Format Version 12.00
# Visual Studio 14
VisualStudioVersion = 14.0.24720.0
MinimumVisualStudioVersion = 10.0.40219.1
Project("{FAE04EC0-301F-11D3-BF4B-00C04F79EFBC}") = "TodoPagoConnector", "TodoPagoConnector\TodoPagoConnector.csproj", "{0A86E52F-D739-4C13-958C-2BB1EB47FCE8}"
EndProject
Project("{FAE04EC0-301F-11D3-BF4B-00C04F79EFBC}") = "TPTest", "WindowsFormsApplication1\TPTest.csproj", "{06FF5FF9-1CF3-466D-BF40-0198339733A7}"
EndProject
Project("{FAE04EC0-301F-11D3-BF4B-00C04F79EFBC}") = "TPTestConsole", "TPTestConsole\TPTestConsole.csproj", "{00CF0966-5EF4-49A2-ABB4-B81E7498DDED}"
	ProjectSection(ProjectDependencies) = postProject
		{0A86E52F-D739-4C13-958C-2BB1EB47FCE8} = {0A86E52F-D739-4C13-958C-2BB1EB47FCE8}
	EndProjectSection
EndProject
Project("{F184B08F-C81C-45F6-A57F-5ABD9991F28F}") = "VB Console Sample", "VB Console Sample\VB Console Sample.vbproj", "{305D8194-13F4-47F2-A778-0830BD7A6CFC}"
EndProject
Global
	GlobalSection(SolutionConfigurationPlatforms) = preSolution
		Debug|Any CPU = Debug|Any CPU
		Debug|Mixed Platforms = Debug|Mixed Platforms
		Debug|x86 = Debug|x86
		Release|Any CPU = Release|Any CPU
		Release|Mixed Platforms = Release|Mixed Platforms
		Release|x86 = Release|x86
	EndGlobalSection
	GlobalSection(ProjectConfigurationPlatforms) = postSolution
		{0A86E52F-D739-4C13-958C-2BB1EB47FCE8}.Debug|Any CPU.ActiveCfg = Debug|Any CPU
		{0A86E52F-D739-4C13-958C-2BB1EB47FCE8}.Debug|Any CPU.Build.0 = Debug|Any CPU
		{0A86E52F-D739-4C13-958C-2BB1EB47FCE8}.Debug|Mixed Platforms.ActiveCfg = Debug|Any CPU
		{0A86E52F-D739-4C13-958C-2BB1EB47FCE8}.Debug|Mixed Platforms.Build.0 = Debug|Any CPU
		{0A86E52F-D739-4C13-958C-2BB1EB47FCE8}.Debug|x86.ActiveCfg = Debug|Any CPU
		{0A86E52F-D739-4C13-958C-2BB1EB47FCE8}.Release|Any CPU.ActiveCfg = Release|Any CPU
		{0A86E52F-D739-4C13-958C-2BB1EB47FCE8}.Release|Any CPU.Build.0 = Release|Any CPU
		{0A86E52F-D739-4C13-958C-2BB1EB47FCE8}.Release|Mixed Platforms.ActiveCfg = Release|Any CPU
		{0A86E52F-D739-4C13-958C-2BB1EB47FCE8}.Release|Mixed Platforms.Build.0 = Release|Any CPU
		{0A86E52F-D739-4C13-958C-2BB1EB47FCE8}.Release|x86.ActiveCfg = Release|Any CPU
		{06FF5FF9-1CF3-466D-BF40-0198339733A7}.Debug|Any CPU.ActiveCfg = Debug|Any CPU
		{06FF5FF9-1CF3-466D-BF40-0198339733A7}.Debug|Any CPU.Build.0 = Debug|Any CPU
		{06FF5FF9-1CF3-466D-BF40-0198339733A7}.Debug|Mixed Platforms.ActiveCfg = Debug|Any CPU
		{06FF5FF9-1CF3-466D-BF40-0198339733A7}.Debug|Mixed Platforms.Build.0 = Debug|Any CPU
		{06FF5FF9-1CF3-466D-BF40-0198339733A7}.Debug|x86.ActiveCfg = Debug|Any CPU
		{06FF5FF9-1CF3-466D-BF40-0198339733A7}.Release|Any CPU.ActiveCfg = Release|Any CPU
		{06FF5FF9-1CF3-466D-BF40-0198339733A7}.Release|Any CPU.Build.0 = Release|Any CPU
		{06FF5FF9-1CF3-466D-BF40-0198339733A7}.Release|Mixed Platforms.ActiveCfg = Release|Any CPU
		{06FF5FF9-1CF3-466D-BF40-0198339733A7}.Release|Mixed Platforms.Build.0 = Release|Any CPU
		{06FF5FF9-1CF3-466D-BF40-0198339733A7}.Release|x86.ActiveCfg = Release|Any CPU
		{00CF0966-5EF4-49A2-ABB4-B81E7498DDED}.Debug|Any CPU.ActiveCfg = Debug|Any CPU
		{00CF0966-5EF4-49A2-ABB4-B81E7498DDED}.Debug|Any CPU.Build.0 = Debug|Any CPU
		{00CF0966-5EF4-49A2-ABB4-B81E7498DDED}.Debug|Mixed Platforms.ActiveCfg = Debug|Any CPU
		{00CF0966-5EF4-49A2-ABB4-B81E7498DDED}.Debug|Mixed Platforms.Build.0 = Debug|Any CPU
		{00CF0966-5EF4-49A2-ABB4-B81E7498DDED}.Debug|x86.ActiveCfg = Debug|Any CPU
		{00CF0966-5EF4-49A2-ABB4-B81E7498DDED}.Release|Any CPU.ActiveCfg = Release|Any CPU
		{00CF0966-5EF4-49A2-ABB4-B81E7498DDED}.Release|Any CPU.Build.0 = Release|Any CPU
		{00CF0966-5EF4-49A2-ABB4-B81E7498DDED}.Release|Mixed Platforms.ActiveCfg = Release|Any CPU
		{00CF0966-5EF4-49A2-ABB4-B81E7498DDED}.Release|Mixed Platforms.Build.0 = Release|Any CPU
		{00CF0966-5EF4-49A2-ABB4-B81E7498DDED}.Release|x86.ActiveCfg = Release|Any CPU
		{305D8194-13F4-47F2-A778-0830BD7A6CFC}.Debug|Any CPU.ActiveCfg = Debug|Any CPU
		{305D8194-13F4-47F2-A778-0830BD7A6CFC}.Debug|Any CPU.Build.0 = Debug|Any CPU
		{305D8194-13F4-47F2-A778-0830BD7A6CFC}.Debug|Mixed Platforms.ActiveCfg = Debug|Any CPU
		{305D8194-13F4-47F2-A778-0830BD7A6CFC}.Debug|Mixed Platforms.Build.0 = Debug|Any CPU
		{305D8194-13F4-47F2-A778-0830BD7A6CFC}.Debug|x86.ActiveCfg = Debug|Any CPU
		{305D8194-13F4-47F2-A778-0830BD7A6CFC}.Release|Any CPU.ActiveCfg = Release|Any CPU
		{305D8194-13F4-47F2-A778-0830BD7A6CFC}.Release|Any CPU.Build.0 = Release|Any CPU
		{305D8194-13F4-47F2-A778-0830BD7A6CFC}.Release|Mixed Platforms.ActiveCfg = Release|Any CPU
		{305D8194-13F4-47F2-A778-0830BD7A6CFC}.Release|Mixed Platforms.Build.0 = Release|Any CPU
		{305D8194-13F4-47F2-A778-0830BD7A6CFC}.Release|x86.ActiveCfg = Release|Any CPU
	EndGlobalSection
	GlobalSection(SolutionProperties) = preSolution
		HideSolutionNode = FALSE
	EndGlobalSection
EndGlobal
